// !$*UTF8*$!
{
	archiveVersion = 1;
	classes = {
	};
	objectVersion = 50;
	objects = {

/* Begin PBXBuildFile section */
		100B1D292105E08D00013668 /* LoginNavigationViewController.swift in Sources */ = {isa = PBXBuildFile; fileRef = 100B1D282105E08D00013668 /* LoginNavigationViewController.swift */; };
		100B1D2B2105F2DF00013668 /* MainTabsStoryboard.storyboard in Resources */ = {isa = PBXBuildFile; fileRef = 100B1D2A2105F2DF00013668 /* MainTabsStoryboard.storyboard */; };
		103A967720FCCE84003E9799 /* GoogleService-Info.plist in Resources */ = {isa = PBXBuildFile; fileRef = 103A967620FCCE84003E9799 /* GoogleService-Info.plist */; };
		103B735D20F4CF14001B480E /* AppDelegate.swift in Sources */ = {isa = PBXBuildFile; fileRef = 103B735C20F4CF14001B480E /* AppDelegate.swift */; };
		103B735F20F4CF14001B480E /* LoginViewController.swift in Sources */ = {isa = PBXBuildFile; fileRef = 103B735E20F4CF14001B480E /* LoginViewController.swift */; };
		103B736220F4CF14001B480E /* Main.storyboard in Resources */ = {isa = PBXBuildFile; fileRef = 103B736020F4CF14001B480E /* Main.storyboard */; };
		103B736420F4CF15001B480E /* Assets.xcassets in Resources */ = {isa = PBXBuildFile; fileRef = 103B736320F4CF15001B480E /* Assets.xcassets */; };
		103B736720F4CF15001B480E /* LaunchScreen.storyboard in Resources */ = {isa = PBXBuildFile; fileRef = 103B736520F4CF15001B480E /* LaunchScreen.storyboard */; };
		107D22BA20FC9FDA001FFAF3 /* SplashScreenViewController.swift in Sources */ = {isa = PBXBuildFile; fileRef = 107D22B920FC9FDA001FFAF3 /* SplashScreenViewController.swift */; };
		10866CD220FF597600BA5DD2 /* RegistrationViewController.swift in Sources */ = {isa = PBXBuildFile; fileRef = 10866CD120FF597600BA5DD2 /* RegistrationViewController.swift */; };
		26C990DEBACA98FC7006F721 /* Pods_Kharagny.framework in Frameworks */ = {isa = PBXBuildFile; fileRef = 1F4589E61090BBC5D114D7CB /* Pods_Kharagny.framework */; };
/* End PBXBuildFile section */

/* Begin PBXFileReference section */
		100B1D282105E08D00013668 /* LoginNavigationViewController.swift */ = {isa = PBXFileReference; lastKnownFileType = sourcecode.swift; path = LoginNavigationViewController.swift; sourceTree = "<group>"; };
		100B1D2A2105F2DF00013668 /* MainTabsStoryboard.storyboard */ = {isa = PBXFileReference; lastKnownFileType = file.storyboard; path = MainTabsStoryboard.storyboard; sourceTree = "<group>"; };
		103A967620FCCE84003E9799 /* GoogleService-Info.plist */ = {isa = PBXFileReference; fileEncoding = 4; lastKnownFileType = text.plist.xml; path = "GoogleService-Info.plist"; sourceTree = "<group>"; };
		103B735920F4CF14001B480E /* Kharagny.app */ = {isa = PBXFileReference; explicitFileType = wrapper.application; includeInIndex = 0; path = Kharagny.app; sourceTree = BUILT_PRODUCTS_DIR; };
		103B735C20F4CF14001B480E /* AppDelegate.swift */ = {isa = PBXFileReference; lastKnownFileType = sourcecode.swift; path = AppDelegate.swift; sourceTree = "<group>"; };
		103B735E20F4CF14001B480E /* LoginViewController.swift */ = {isa = PBXFileReference; lastKnownFileType = sourcecode.swift; path = LoginViewController.swift; sourceTree = "<group>"; };
		103B736120F4CF14001B480E /* Base */ = {isa = PBXFileReference; lastKnownFileType = file.storyboard; name = Base; path = Base.lproj/Main.storyboard; sourceTree = "<group>"; };
		103B736320F4CF15001B480E /* Assets.xcassets */ = {isa = PBXFileReference; lastKnownFileType = folder.assetcatalog; path = Assets.xcassets; sourceTree = "<group>"; };
		103B736620F4CF15001B480E /* Base */ = {isa = PBXFileReference; lastKnownFileType = file.storyboard; name = Base; path = Base.lproj/LaunchScreen.storyboard; sourceTree = "<group>"; };
		103B736820F4CF15001B480E /* Info.plist */ = {isa = PBXFileReference; lastKnownFileType = text.plist.xml; path = Info.plist; sourceTree = "<group>"; };
		107D22B920FC9FDA001FFAF3 /* SplashScreenViewController.swift */ = {isa = PBXFileReference; lastKnownFileType = sourcecode.swift; path = SplashScreenViewController.swift; sourceTree = "<group>"; };
		10866CD120FF597600BA5DD2 /* RegistrationViewController.swift */ = {isa = PBXFileReference; lastKnownFileType = sourcecode.swift; path = RegistrationViewController.swift; sourceTree = "<group>"; };
		1F4589E61090BBC5D114D7CB /* Pods_Kharagny.framework */ = {isa = PBXFileReference; explicitFileType = wrapper.framework; includeInIndex = 0; path = Pods_Kharagny.framework; sourceTree = BUILT_PRODUCTS_DIR; };
		444B9CD3BB092450B256D4F8 /* Pods-Kharagny.release.xcconfig */ = {isa = PBXFileReference; includeInIndex = 1; lastKnownFileType = text.xcconfig; name = "Pods-Kharagny.release.xcconfig"; path = "Pods/Target Support Files/Pods-Kharagny/Pods-Kharagny.release.xcconfig"; sourceTree = "<group>"; };
		EC3C18A4DC56891E97B635D4 /* Pods-Kharagny.debug.xcconfig */ = {isa = PBXFileReference; includeInIndex = 1; lastKnownFileType = text.xcconfig; name = "Pods-Kharagny.debug.xcconfig"; path = "Pods/Target Support Files/Pods-Kharagny/Pods-Kharagny.debug.xcconfig"; sourceTree = "<group>"; };
/* End PBXFileReference section */

/* Begin PBXFrameworksBuildPhase section */
		103B735620F4CF14001B480E /* Frameworks */ = {
			isa = PBXFrameworksBuildPhase;
			buildActionMask = 2147483647;
			files = (
				26C990DEBACA98FC7006F721 /* Pods_Kharagny.framework in Frameworks */,
			);
			runOnlyForDeploymentPostprocessing = 0;
		};
/* End PBXFrameworksBuildPhase section */

/* Begin PBXGroup section */
		100B1D2C2105FD8F00013668 /* Controllers */ = {
			isa = PBXGroup;
			children = (
				103B735E20F4CF14001B480E /* LoginViewController.swift */,
				107D22B920FC9FDA001FFAF3 /* SplashScreenViewController.swift */,
				10866CD120FF597600BA5DD2 /* RegistrationViewController.swift */,
				100B1D282105E08D00013668 /* LoginNavigationViewController.swift */,
			);
			path = Controllers;
			sourceTree = "<group>";
		};
		100B1D2D2105FDF800013668 /* Models */ = {
			isa = PBXGroup;
			children = (
			);
			path = Models;
			sourceTree = "<group>";
		};
		100B1D2E2105FFC100013668 /* Storyboards */ = {
			isa = PBXGroup;
			children = (
				103B736020F4CF14001B480E /* Main.storyboard */,
				100B1D2A2105F2DF00013668 /* MainTabsStoryboard.storyboard */,
				103B736520F4CF15001B480E /* LaunchScreen.storyboard */,
			);
			path = Storyboards;
			sourceTree = "<group>";
		};
		103B735020F4CF14001B480E = {
			isa = PBXGroup;
			children = (
				103B735B20F4CF14001B480E /* Kharagny */,
				103B735A20F4CF14001B480E /* Products */,
				B6AF52D299132F4705D8A7A1 /* Pods */,
				88D9B80F10ABFA1C662C9108 /* Frameworks */,
			);
			sourceTree = "<group>";
		};
		103B735A20F4CF14001B480E /* Products */ = {
			isa = PBXGroup;
			children = (
				103B735920F4CF14001B480E /* Kharagny.app */,
			);
			name = Products;
			sourceTree = "<group>";
		};
		103B735B20F4CF14001B480E /* Kharagny */ = {
			isa = PBXGroup;
			children = (
				100B1D2E2105FFC100013668 /* Storyboards */,
				100B1D2D2105FDF800013668 /* Models */,
				100B1D2C2105FD8F00013668 /* Controllers */,
				103A967620FCCE84003E9799 /* GoogleService-Info.plist */,
				103B735C20F4CF14001B480E /* AppDelegate.swift */,
				103B736320F4CF15001B480E /* Assets.xcassets */,
				103B736820F4CF15001B480E /* Info.plist */,
			);
			path = Kharagny;
			sourceTree = "<group>";
		};
		88D9B80F10ABFA1C662C9108 /* Frameworks */ = {
			isa = PBXGroup;
			children = (
				1F4589E61090BBC5D114D7CB /* Pods_Kharagny.framework */,
			);
			name = Frameworks;
			sourceTree = "<group>";
		};
		B6AF52D299132F4705D8A7A1 /* Pods */ = {
			isa = PBXGroup;
			children = (
				EC3C18A4DC56891E97B635D4 /* Pods-Kharagny.debug.xcconfig */,
				444B9CD3BB092450B256D4F8 /* Pods-Kharagny.release.xcconfig */,
			);
			name = Pods;
			sourceTree = "<group>";
		};
/* End PBXGroup section */

/* Begin PBXNativeTarget section */
		103B735820F4CF14001B480E /* Kharagny */ = {
			isa = PBXNativeTarget;
			buildConfigurationList = 103B736B20F4CF15001B480E /* Build configuration list for PBXNativeTarget "Kharagny" */;
			buildPhases = (
				9075BF10FD9631B4627BDD77 /* [CP] Check Pods Manifest.lock */,
				103B735520F4CF14001B480E /* Sources */,
				103B735620F4CF14001B480E /* Frameworks */,
				103B735720F4CF14001B480E /* Resources */,
				1988EB7D39865E241C725351 /* [CP] Embed Pods Frameworks */,
				C0E0A9DAC3D20AB04D4005A6 /* [CP] Copy Pods Resources */,
			);
			buildRules = (
			);
			dependencies = (
			);
			name = Kharagny;
			productName = Kharagny;
			productReference = 103B735920F4CF14001B480E /* Kharagny.app */;
			productType = "com.apple.product-type.application";
		};
/* End PBXNativeTarget section */

/* Begin PBXProject section */
		103B735120F4CF14001B480E /* Project object */ = {
			isa = PBXProject;
			attributes = {
				LastSwiftUpdateCheck = 0940;
				LastUpgradeCheck = 0940;
				ORGANIZATIONNAME = Gorgov;
				TargetAttributes = {
					103B735820F4CF14001B480E = {
						CreatedOnToolsVersion = 9.4.1;
					};
				};
			};
			buildConfigurationList = 103B735420F4CF14001B480E /* Build configuration list for PBXProject "Kharagny" */;
			compatibilityVersion = "Xcode 9.3";
			developmentRegion = en;
			hasScannedForEncodings = 0;
			knownRegions = (
				en,
				Base,
			);
			mainGroup = 103B735020F4CF14001B480E;
			productRefGroup = 103B735A20F4CF14001B480E /* Products */;
			projectDirPath = "";
			projectRoot = "";
			targets = (
				103B735820F4CF14001B480E /* Kharagny */,
			);
		};
/* End PBXProject section */

/* Begin PBXResourcesBuildPhase section */
		103B735720F4CF14001B480E /* Resources */ = {
			isa = PBXResourcesBuildPhase;
			buildActionMask = 2147483647;
			files = (
				103B736720F4CF15001B480E /* LaunchScreen.storyboard in Resources */,
				103A967720FCCE84003E9799 /* GoogleService-Info.plist in Resources */,
				100B1D2B2105F2DF00013668 /* MainTabsStoryboard.storyboard in Resources */,
				103B736420F4CF15001B480E /* Assets.xcassets in Resources */,
				103B736220F4CF14001B480E /* Main.storyboard in Resources */,
			);
			runOnlyForDeploymentPostprocessing = 0;
		};
/* End PBXResourcesBuildPhase section */

/* Begin PBXShellScriptBuildPhase section */
		1988EB7D39865E241C725351 /* [CP] Embed Pods Frameworks */ = {
			isa = PBXShellScriptBuildPhase;
			buildActionMask = 2147483647;
			files = (
			);
			inputPaths = (
				"${SRCROOT}/Pods/Target Support Files/Pods-Kharagny/Pods-Kharagny-frameworks.sh",
				"${BUILT_PRODUCTS_DIR}/Bolts/Bolts.framework",
				"${BUILT_PRODUCTS_DIR}/FBSDKCoreKit/FBSDKCoreKit.framework",
				"${BUILT_PRODUCTS_DIR}/FBSDKLoginKit/FBSDKLoginKit.framework",
				"${BUILT_PRODUCTS_DIR}/FBSDKShareKit/FBSDKShareKit.framework",
				"${BUILT_PRODUCTS_DIR}/GTMOAuth2/GTMOAuth2.framework",
				"${BUILT_PRODUCTS_DIR}/GTMSessionFetcher/GTMSessionFetcher.framework",
				"${BUILT_PRODUCTS_DIR}/GoogleToolboxForMac/GoogleToolboxForMac.framework",
				"${BUILT_PRODUCTS_DIR}/leveldb-library/leveldb.framework",
			);
			name = "[CP] Embed Pods Frameworks";
			outputPaths = (
				"${TARGET_BUILD_DIR}/${FRAMEWORKS_FOLDER_PATH}/Bolts.framework",
				"${TARGET_BUILD_DIR}/${FRAMEWORKS_FOLDER_PATH}/FBSDKCoreKit.framework",
				"${TARGET_BUILD_DIR}/${FRAMEWORKS_FOLDER_PATH}/FBSDKLoginKit.framework",
				"${TARGET_BUILD_DIR}/${FRAMEWORKS_FOLDER_PATH}/FBSDKShareKit.framework",
				"${TARGET_BUILD_DIR}/${FRAMEWORKS_FOLDER_PATH}/GTMOAuth2.framework",
				"${TARGET_BUILD_DIR}/${FRAMEWORKS_FOLDER_PATH}/GTMSessionFetcher.framework",
				"${TARGET_BUILD_DIR}/${FRAMEWORKS_FOLDER_PATH}/GoogleToolboxForMac.framework",
				"${TARGET_BUILD_DIR}/${FRAMEWORKS_FOLDER_PATH}/leveldb.framework",
			);
			runOnlyForDeploymentPostprocessing = 0;
			shellPath = /bin/sh;
			shellScript = "\"${SRCROOT}/Pods/Target Support Files/Pods-Kharagny/Pods-Kharagny-frameworks.sh\"\n";
			showEnvVarsInLog = 0;
		};
		9075BF10FD9631B4627BDD77 /* [CP] Check Pods Manifest.lock */ = {
			isa = PBXShellScriptBuildPhase;
			buildActionMask = 2147483647;
			files = (
			);
			inputPaths = (
				"${PODS_PODFILE_DIR_PATH}/Podfile.lock",
				"${PODS_ROOT}/Manifest.lock",
			);
			name = "[CP] Check Pods Manifest.lock";
			outputPaths = (
				"$(DERIVED_FILE_DIR)/Pods-Kharagny-checkManifestLockResult.txt",
			);
			runOnlyForDeploymentPostprocessing = 0;
			shellPath = /bin/sh;
			shellScript = "diff \"${PODS_PODFILE_DIR_PATH}/Podfile.lock\" \"${PODS_ROOT}/Manifest.lock\" > /dev/null\nif [ $? != 0 ] ; then\n    # print error to STDERR\n    echo \"error: The sandbox is not in sync with the Podfile.lock. Run 'pod install' or update your CocoaPods installation.\" >&2\n    exit 1\nfi\n# This output is used by Xcode 'outputs' to avoid re-running this script phase.\necho \"SUCCESS\" > \"${SCRIPT_OUTPUT_FILE_0}\"\n";
			showEnvVarsInLog = 0;
		};
		C0E0A9DAC3D20AB04D4005A6 /* [CP] Copy Pods Resources */ = {
			isa = PBXShellScriptBuildPhase;
			buildActionMask = 2147483647;
			files = (
			);
			inputPaths = (
				"${SRCROOT}/Pods/Target Support Files/Pods-Kharagny/Pods-Kharagny-resources.sh",
				"${PODS_ROOT}/GoogleSignIn/Resources/GoogleSignIn.bundle",
			);
			name = "[CP] Copy Pods Resources";
			outputPaths = (
				"${TARGET_BUILD_DIR}/${UNLOCALIZED_RESOURCES_FOLDER_PATH}/GoogleSignIn.bundle",
			);
			runOnlyForDeploymentPostprocessing = 0;
			shellPath = /bin/sh;
			shellScript = "\"${SRCROOT}/Pods/Target Support Files/Pods-Kharagny/Pods-Kharagny-resources.sh\"\n";
			showEnvVarsInLog = 0;
		};
/* End PBXShellScriptBuildPhase section */

/* Begin PBXSourcesBuildPhase section */
		103B735520F4CF14001B480E /* Sources */ = {
			isa = PBXSourcesBuildPhase;
			buildActionMask = 2147483647;
			files = (
				103B735F20F4CF14001B480E /* LoginViewController.swift in Sources */,
				103B735D20F4CF14001B480E /* AppDelegate.swift in Sources */,
				107D22BA20FC9FDA001FFAF3 /* SplashScreenViewController.swift in Sources */,
				100B1D292105E08D00013668 /* LoginNavigationViewController.swift in Sources */,
				10866CD220FF597600BA5DD2 /* RegistrationViewController.swift in Sources */,
			);
			runOnlyForDeploymentPostprocessing = 0;
		};
/* End PBXSourcesBuildPhase section */

/* Begin PBXVariantGroup section */
		103B736020F4CF14001B480E /* Main.storyboard */ = {
			isa = PBXVariantGroup;
			children = (
				103B736120F4CF14001B480E /* Base */,
			);
			name = Main.storyboard;
			sourceTree = "<group>";
		};
		103B736520F4CF15001B480E /* LaunchScreen.storyboard */ = {
			isa = PBXVariantGroup;
			children = (
				103B736620F4CF15001B480E /* Base */,
			);
			name = LaunchScreen.storyboard;
			sourceTree = "<group>";
		};
/* End PBXVariantGroup section */

/* Begin XCBuildConfiguration section */
		103B736920F4CF15001B480E /* Debug */ = {
			isa = XCBuildConfiguration;
			buildSettings = {
				ALWAYS_SEARCH_USER_PATHS = NO;
				CLANG_ANALYZER_NONNULL = YES;
				CLANG_ANALYZER_NUMBER_OBJECT_CONVERSION = YES_AGGRESSIVE;
				CLANG_CXX_LANGUAGE_STANDARD = "gnu++14";
				CLANG_CXX_LIBRARY = "libc++";
				CLANG_ENABLE_MODULES = YES;
				CLANG_ENABLE_OBJC_ARC = YES;
				CLANG_ENABLE_OBJC_WEAK = YES;
				CLANG_WARN_BLOCK_CAPTURE_AUTORELEASING = YES;
				CLANG_WARN_BOOL_CONVERSION = YES;
				CLANG_WARN_COMMA = YES;
				CLANG_WARN_CONSTANT_CONVERSION = YES;
				CLANG_WARN_DEPRECATED_OBJC_IMPLEMENTATIONS = YES;
				CLANG_WARN_DIRECT_OBJC_ISA_USAGE = YES_ERROR;
				CLANG_WARN_DOCUMENTATION_COMMENTS = YES;
				CLANG_WARN_EMPTY_BODY = YES;
				CLANG_WARN_ENUM_CONVERSION = YES;
				CLANG_WARN_INFINITE_RECURSION = YES;
				CLANG_WARN_INT_CONVERSION = YES;
				CLANG_WARN_NON_LITERAL_NULL_CONVERSION = YES;
				CLANG_WARN_OBJC_IMPLICIT_RETAIN_SELF = YES;
				CLANG_WARN_OBJC_LITERAL_CONVERSION = YES;
				CLANG_WARN_OBJC_ROOT_CLASS = YES_ERROR;
				CLANG_WARN_RANGE_LOOP_ANALYSIS = YES;
				CLANG_WARN_STRICT_PROTOTYPES = YES;
				CLANG_WARN_SUSPICIOUS_MOVE = YES;
				CLANG_WARN_UNGUARDED_AVAILABILITY = YES_AGGRESSIVE;
				CLANG_WARN_UNREACHABLE_CODE = YES;
				CLANG_WARN__DUPLICATE_METHOD_MATCH = YES;
				CODE_SIGN_IDENTITY = "iPhone Developer";
				COPY_PHASE_STRIP = NO;
				DEBUG_INFORMATION_FORMAT = dwarf;
				ENABLE_STRICT_OBJC_MSGSEND = YES;
				ENABLE_TESTABILITY = YES;
				GCC_C_LANGUAGE_STANDARD = gnu11;
				GCC_DYNAMIC_NO_PIC = NO;
				GCC_NO_COMMON_BLOCKS = YES;
				GCC_OPTIMIZATION_LEVEL = 0;
				GCC_PREPROCESSOR_DEFINITIONS = (
					"DEBUG=1",
					"$(inherited)",
				);
				GCC_WARN_64_TO_32_BIT_CONVERSION = YES;
				GCC_WARN_ABOUT_RETURN_TYPE = YES_ERROR;
				GCC_WARN_UNDECLARED_SELECTOR = YES;
				GCC_WARN_UNINITIALIZED_AUTOS = YES_AGGRESSIVE;
				GCC_WARN_UNUSED_FUNCTION = YES;
				GCC_WARN_UNUSED_VARIABLE = YES;
				IPHONEOS_DEPLOYMENT_TARGET = 11.4;
				MTL_ENABLE_DEBUG_INFO = YES;
				ONLY_ACTIVE_ARCH = YES;
				SDKROOT = iphoneos;
				SWIFT_ACTIVE_COMPILATION_CONDITIONS = DEBUG;
				SWIFT_OPTIMIZATION_LEVEL = "-Onone";
			};
			name = Debug;
		};
		103B736A20F4CF15001B480E /* Release */ = {
			isa = XCBuildConfiguration;
			buildSettings = {
				ALWAYS_SEARCH_USER_PATHS = NO;
				CLANG_ANALYZER_NONNULL = YES;
				CLANG_ANALYZER_NUMBER_OBJECT_CONVERSION = YES_AGGRESSIVE;
				CLANG_CXX_LANGUAGE_STANDARD = "gnu++14";
				CLANG_CXX_LIBRARY = "libc++";
				CLANG_ENABLE_MODULES = YES;
				CLANG_ENABLE_OBJC_ARC = YES;
				CLANG_ENABLE_OBJC_WEAK = YES;
				CLANG_WARN_BLOCK_CAPTURE_AUTORELEASING = YES;
				CLANG_WARN_BOOL_CONVERSION = YES;
				CLANG_WARN_COMMA = YES;
				CLANG_WARN_CONSTANT_CONVERSION = YES;
				CLANG_WARN_DEPRECATED_OBJC_IMPLEMENTATIONS = YES;
				CLANG_WARN_DIRECT_OBJC_ISA_USAGE = YES_ERROR;
				CLANG_WARN_DOCUMENTATION_COMMENTS = YES;
				CLANG_WARN_EMPTY_BODY = YES;
				CLANG_WARN_ENUM_CONVERSION = YES;
				CLANG_WARN_INFINITE_RECURSION = YES;
				CLANG_WARN_INT_CONVERSION = YES;
				CLANG_WARN_NON_LITERAL_NULL_CONVERSION = YES;
				CLANG_WARN_OBJC_IMPLICIT_RETAIN_SELF = YES;
				CLANG_WARN_OBJC_LITERAL_CONVERSION = YES;
				CLANG_WARN_OBJC_ROOT_CLASS = YES_ERROR;
				CLANG_WARN_RANGE_LOOP_ANALYSIS = YES;
				CLANG_WARN_STRICT_PROTOTYPES = YES;
				CLANG_WARN_SUSPICIOUS_MOVE = YES;
				CLANG_WARN_UNGUARDED_AVAILABILITY = YES_AGGRESSIVE;
				CLANG_WARN_UNREACHABLE_CODE = YES;
				CLANG_WARN__DUPLICATE_METHOD_MATCH = YES;
				CODE_SIGN_IDENTITY = "iPhone Developer";
				COPY_PHASE_STRIP = NO;
				DEBUG_INFORMATION_FORMAT = "dwarf-with-dsym";
				ENABLE_NS_ASSERTIONS = NO;
				ENABLE_STRICT_OBJC_MSGSEND = YES;
				GCC_C_LANGUAGE_STANDARD = gnu11;
				GCC_NO_COMMON_BLOCKS = YES;
				GCC_WARN_64_TO_32_BIT_CONVERSION = YES;
				GCC_WARN_ABOUT_RETURN_TYPE = YES_ERROR;
				GCC_WARN_UNDECLARED_SELECTOR = YES;
				GCC_WARN_UNINITIALIZED_AUTOS = YES_AGGRESSIVE;
				GCC_WARN_UNUSED_FUNCTION = YES;
				GCC_WARN_UNUSED_VARIABLE = YES;
				IPHONEOS_DEPLOYMENT_TARGET = 11.4;
				MTL_ENABLE_DEBUG_INFO = NO;
				SDKROOT = iphoneos;
				SWIFT_COMPILATION_MODE = wholemodule;
				SWIFT_OPTIMIZATION_LEVEL = "-O";
				VALIDATE_PRODUCT = YES;
			};
			name = Release;
		};
		103B736C20F4CF15001B480E /* Debug */ = {
			isa = XCBuildConfiguration;
			baseConfigurationReference = EC3C18A4DC56891E97B635D4 /* Pods-Kharagny.debug.xcconfig */;
			buildSettings = {
				ASSETCATALOG_COMPILER_APPICON_NAME = AppIcon;
				CODE_SIGN_STYLE = Automatic;
				DEVELOPMENT_TEAM = 5BFZ973J7W;
				INFOPLIST_FILE = Kharagny/Info.plist;
				LD_RUNPATH_SEARCH_PATHS = (
					"$(inherited)",
					"@executable_path/Frameworks",
				);
				PRODUCT_BUNDLE_IDENTIFIER = com.gorgov.Kharagny;
				PRODUCT_NAME = "$(TARGET_NAME)";
				SWIFT_VERSION = 4.0;
				TARGETED_DEVICE_FAMILY = "1,2";
			};
			name = Debug;
		};
		103B736D20F4CF15001B480E /* Release */ = {
			isa = XCBuildConfiguration;
			baseConfigurationReference = 444B9CD3BB092450B256D4F8 /* Pods-Kharagny.release.xcconfig */;
			buildSettings = {
				ASSETCATALOG_COMPILER_APPICON_NAME = AppIcon;
				CODE_SIGN_STYLE = Automatic;
				DEVELOPMENT_TEAM = 5BFZ973J7W;
				INFOPLIST_FILE = Kharagny/Info.plist;
				LD_RUNPATH_SEARCH_PATHS = (
					"$(inherited)",
					"@executable_path/Frameworks",
				);
				PRODUCT_BUNDLE_IDENTIFIER = com.gorgov.Kharagny;
				PRODUCT_NAME = "$(TARGET_NAME)";
				SWIFT_VERSION = 4.0;
				TARGETED_DEVICE_FAMILY = "1,2";
			};
			name = Release;
		};
/* End XCBuildConfiguration section */

/* Begin XCConfigurationList section */
		103B735420F4CF14001B480E /* Build configuration list for PBXProject "Kharagny" */ = {
			isa = XCConfigurationList;
			buildConfigurations = (
				103B736920F4CF15001B480E /* Debug */,
				103B736A20F4CF15001B480E /* Release */,
			);
			defaultConfigurationIsVisible = 0;
			defaultConfigurationName = Release;
		};
		103B736B20F4CF15001B480E /* Build configuration list for PBXNativeTarget "Kharagny" */ = {
			isa = XCConfigurationList;
			buildConfigurations = (
				103B736C20F4CF15001B480E /* Debug */,
				103B736D20F4CF15001B480E /* Release */,
			);
			defaultConfigurationIsVisible = 0;
			defaultConfigurationName = Release;
		};
/* End XCConfigurationList section */
	};
	rootObject = 103B735120F4CF14001B480E /* Project object */;
}
